<?xml version="1.0" encoding="utf-8"?>
<Project ToolsVersion="4.0" xmlns="http://schemas.microsoft.com/developer/msbuild/2003">
  <ItemGroup>
    <Filter Include="Source Files">
      <UniqueIdentifier>{4FC737F1-C7A5-4376-A066-2A32D752A2FF}</UniqueIdentifier>
      <Extensions>cpp;c;cc;cxx;def;odl;idl;hpj;bat;asm;asmx</Extensions>
    </Filter>
    <Filter Include="Header Files">
      <UniqueIdentifier>{93995380-89BD-4b04-88EB-625FBE52EBFB}</UniqueIdentifier>
      <Extensions>h;hpp;hxx;hm;inl;inc;xsd</Extensions>
    </Filter>
    <Filter Include="Resource Files">
      <UniqueIdentifier>{67DA6AB6-F800-4c08-8B7A-83BB121AAD01}</UniqueIdentifier>
      <Extensions>rc;ico;cur;bmp;dlg;rc2;rct;bin;rgs;gif;jpg;jpeg;jpe;resx;tiff;tif;png;wav;mfcribbon-ms</Extensions>
    </Filter>
  </ItemGroup>
  <ItemGroup>
    <None Include="README" />
  </ItemGroup>
  <ItemGroup>
    <ClInclude Include="Code\engine.h">
      <Filter>Header Files</Filter>
    </ClInclude>
    <ClInclude Include="Code\game_view.h">
      <Filter>Header Files</Filter>
    </ClInclude>
    <ClInclude Include="Code\component.h">
      <Filter>Header Files</Filter>
    </ClInclude>
    <ClInclude Include="Code\resource\resource.h">
      <Filter>Header Files</Filter>
    </ClInclude>
    <ClInclude Include="Code\resource\resource_manager.h">
      <Filter>Header Files</Filter>
    </ClInclude>
    <ClInclude Include="Code\resource\texture_resource.h">
      <Filter>Header Files</Filter>
    </ClInclude>
    <ClInclude Include="Code\state\state.h">
      <Filter>Header Files</Filter>
    </ClInclude>
    <ClInclude Include="Code\state\state_interface.h">
      <Filter>Header Files</Filter>
    </ClInclude>
    <ClInclude Include="Code\state\state_manager.h">
      <Filter>Header Files</Filter>
    </ClInclude>
    <ClInclude Include="Code\resource\font_resource.h">
      <Filter>Header Files</Filter>
    </ClInclude>
    <ClInclude Include="Code\resource\effect_resource.h">
      <Filter>Header Files</Filter>
    </ClInclude>
    <ClInclude Include="Code\event\event.h">
      <Filter>Header Files</Filter>
    </ClInclude>
    <ClInclude Include="Code\event\event_manager.h">
      <Filter>Header Files</Filter>
    </ClInclude>
    <ClInclude Include="Code\util\string_hash.h">
      <Filter>Header Files</Filter>
    </ClInclude>
    <ClInclude Include="Code\tiles\tiles.h">
      <Filter>Header Files</Filter>
    </ClInclude>
    <ClInclude Include="Code\tiles\tile.h">
      <Filter>Header Files</Filter>
    </ClInclude>
    <ClInclude Include="Code\tiles\tile_set.h">
      <Filter>Header Files</Filter>
    </ClInclude>
    <ClInclude Include="Code\tiles\layer.h">
      <Filter>Header Files</Filter>
    </ClInclude>
    <ClInclude Include="Code\tiles\map.h">
      <Filter>Header Files</Filter>
    </ClInclude>
    <ClInclude Include="Code\aurora.h">
      <Filter>Header Files</Filter>
    </ClInclude>
    <ClInclude Include="Code\resource\tmx_resource.h">
      <Filter>Header Files</Filter>
    </ClInclude>
  </ItemGroup>
  <ItemGroup>
    <ClCompile Include="Code\engine.cpp">
      <Filter>Source Files</Filter>
    </ClCompile>
    <ClCompile Include="Code\resource\resource.cpp">
      <Filter>Source Files</Filter>
    </ClCompile>
    <ClCompile Include="Code\resource\resource_manager.cpp">
      <Filter>Source Files</Filter>
    </ClCompile>
    <ClCompile Include="Code\resource\texture_resource.cpp">
      <Filter>Source Files</Filter>
    </ClCompile>
    <ClCompile Include="Code\state\state.cpp">
      <Filter>Source Files</Filter>
    </ClCompile>
    <ClCompile Include="Code\state\state_manager.cpp">
      <Filter>Source Files</Filter>
    </ClCompile>
    <ClCompile Include="Code\resource\font_resource.cpp">
      <Filter>Source Files</Filter>
    </ClCompile>
    <ClCompile Include="Code\resource\effect_resource.cpp">
      <Filter>Source Files</Filter>
    </ClCompile>
    <ClCompile Include="Code\event\event.cpp">
      <Filter>Source Files</Filter>
    </ClCompile>
    <ClCompile Include="Code\event\event_manager.cpp">
      <Filter>Source Files</Filter>
    </ClCompile>
    <ClCompile Include="Code\tiles\tile_set.cpp">
      <Filter>Source Files</Filter>
    </ClCompile>
    <ClCompile Include="Code\tiles\layer.cpp">
      <Filter>Source Files</Filter>
    </ClCompile>
    <ClCompile Include="Code\tiles\map.cpp">
      <Filter>Source Files</Filter>
    </ClCompile>
    <ClCompile Include="Code\resource\tmx_resource.cpp">
      <Filter>Source Files</Filter>
    </ClCompile>
  </ItemGroup>
</Project>